{
  "name": "assets",
  "lockfileVersion": 3,
  "requires": true,
  "packages": {
    "": {
      "dependencies": {
        "lucide": "^0.445.0"
      }
    },
    "node_modules/lucide": {
      "version": "0.445.0",
      "resolved": "https://registry.npmjs.org/lucide/-/lucide-0.445.0.tgz",
      "integrity": "sha512-Xkaf7xwXnx2DQj6dHAAnEsL8LI0iSeqh1ObVr6CTw9eYLpRchfXHzB+VL6qypqAy18jZmCY1bu4U652dCTHC3Q==",
      "license": "ISC"
    }
  }
}
